// !$*UTF8*$!
{
	archiveVersion = 1;
	classes = {
	};
	objectVersion = 52;
	objects = {

/* Begin PBXBuildFile section */
		FAA0E23625D0E5B600496667 /* AppDelegate.swift in Sources */ = {isa = PBXBuildFile; fileRef = FAA0E23525D0E5B600496667 /* AppDelegate.swift */; };
		FAA0E23825D0E5B600496667 /* SceneDelegate.swift in Sources */ = {isa = PBXBuildFile; fileRef = FAA0E23725D0E5B600496667 /* SceneDelegate.swift */; };
		FAA0E23A25D0E5B600496667 /* ContentView.swift in Sources */ = {isa = PBXBuildFile; fileRef = FAA0E23925D0E5B600496667 /* ContentView.swift */; };
		FAA0E23C25D0E5B800496667 /* Assets.xcassets in Resources */ = {isa = PBXBuildFile; fileRef = FAA0E23B25D0E5B800496667 /* Assets.xcassets */; };
		FAA0E23F25D0E5B800496667 /* Preview Assets.xcassets in Resources */ = {isa = PBXBuildFile; fileRef = FAA0E23E25D0E5B800496667 /* Preview Assets.xcassets */; };
		FAA0E24225D0E5B800496667 /* LaunchScreen.storyboard in Resources */ = {isa = PBXBuildFile; fileRef = FAA0E24025D0E5B800496667 /* LaunchScreen.storyboard */; };
		FAA0E24C25D0E80400496667 /* SDWebImageSwiftUI in Frameworks */ = {isa = PBXBuildFile; productRef = FAA0E24B25D0E80400496667 /* SDWebImageSwiftUI */; };
		FAA0E25025D0E83200496667 /* SwiftyJSON in Frameworks */ = {isa = PBXBuildFile; productRef = FAA0E24F25D0E83200496667 /* SwiftyJSON */; };
		FAA0E25C25D0F0D300496667 /* NewsModel.swift in Sources */ = {isa = PBXBuildFile; fileRef = FAA0E25B25D0F0D300496667 /* NewsModel.swift */; };
		FAA0E26025D0F0F300496667 /* News.swift in Sources */ = {isa = PBXBuildFile; fileRef = FAA0E25F25D0F0F300496667 /* News.swift */; };
/* End PBXBuildFile section */

/* Begin PBXFileReference section */
		FAA0E23225D0E5B600496667 /* LoadImage JSON.app */ = {isa = PBXFileReference; explicitFileType = wrapper.application; includeInIndex = 0; path = "LoadImage JSON.app"; sourceTree = BUILT_PRODUCTS_DIR; };
		FAA0E23525D0E5B600496667 /* AppDelegate.swift */ = {isa = PBXFileReference; lastKnownFileType = sourcecode.swift; path = AppDelegate.swift; sourceTree = "<group>"; };
		FAA0E23725D0E5B600496667 /* SceneDelegate.swift */ = {isa = PBXFileReference; lastKnownFileType = sourcecode.swift; path = SceneDelegate.swift; sourceTree = "<group>"; };
		FAA0E23925D0E5B600496667 /* ContentView.swift */ = {isa = PBXFileReference; lastKnownFileType = sourcecode.swift; path = ContentView.swift; sourceTree = "<group>"; };
		FAA0E23B25D0E5B800496667 /* Assets.xcassets */ = {isa = PBXFileReference; lastKnownFileType = folder.assetcatalog; path = Assets.xcassets; sourceTree = "<group>"; };
		FAA0E23E25D0E5B800496667 /* Preview Assets.xcassets */ = {isa = PBXFileReference; lastKnownFileType = folder.assetcatalog; path = "Preview Assets.xcassets"; sourceTree = "<group>"; };
		FAA0E24125D0E5B800496667 /* Base */ = {isa = PBXFileReference; lastKnownFileType = file.storyboard; name = Base; path = Base.lproj/LaunchScreen.storyboard; sourceTree = "<group>"; };
		FAA0E24325D0E5B800496667 /* Info.plist */ = {isa = PBXFileReference; lastKnownFileType = text.plist.xml; path = Info.plist; sourceTree = "<group>"; };
		FAA0E25B25D0F0D300496667 /* NewsModel.swift */ = {isa = PBXFileReference; lastKnownFileType = sourcecode.swift; path = NewsModel.swift; sourceTree = "<group>"; };
		FAA0E25F25D0F0F300496667 /* News.swift */ = {isa = PBXFileReference; lastKnownFileType = sourcecode.swift; path = News.swift; sourceTree = "<group>"; };
/* End PBXFileReference section */

/* Begin PBXFrameworksBuildPhase section */
		FAA0E22F25D0E5B600496667 /* Frameworks */ = {
			isa = PBXFrameworksBuildPhase;
			buildActionMask = 2147483647;
			files = (
				FAA0E25025D0E83200496667 /* SwiftyJSON in Frameworks */,
				FAA0E24C25D0E80400496667 /* SDWebImageSwiftUI in Frameworks */,
			);
			runOnlyForDeploymentPostprocessing = 0;
		};
/* End PBXFrameworksBuildPhase section */

/* Begin PBXGroup section */
		FAA0E22925D0E5B600496667 = {
			isa = PBXGroup;
			children = (
				FAA0E23425D0E5B600496667 /* LoadImage JSON */,
				FAA0E23325D0E5B600496667 /* Products */,
			);
			sourceTree = "<group>";
		};
		FAA0E23325D0E5B600496667 /* Products */ = {
			isa = PBXGroup;
			children = (
				FAA0E23225D0E5B600496667 /* LoadImage JSON.app */,
			);
			name = Products;
			sourceTree = "<group>";
		};
		FAA0E23425D0E5B600496667 /* LoadImage JSON */ = {
			isa = PBXGroup;
			children = (
				FAA0E25925D0F09C00496667 /* ViewModel */,
				FAA0E25A25D0F0A700496667 /* View */,
				FAA0E25825D0F09200496667 /* Model */,
				FAA0E23525D0E5B600496667 /* AppDelegate.swift */,
				FAA0E23725D0E5B600496667 /* SceneDelegate.swift */,
				FAA0E23B25D0E5B800496667 /* Assets.xcassets */,
				FAA0E24025D0E5B800496667 /* LaunchScreen.storyboard */,
				FAA0E24325D0E5B800496667 /* Info.plist */,
				FAA0E23D25D0E5B800496667 /* Preview Content */,
			);
			path = "LoadImage JSON";
			sourceTree = "<group>";
		};
		FAA0E23D25D0E5B800496667 /* Preview Content */ = {
			isa = PBXGroup;
			children = (
				FAA0E23E25D0E5B800496667 /* Preview Assets.xcassets */,
			);
			path = "Preview Content";
			sourceTree = "<group>";
		};
		FAA0E25825D0F09200496667 /* Model */ = {
			isa = PBXGroup;
			children = (
				FAA0E25F25D0F0F300496667 /* News.swift */,
			);
			path = Model;
			sourceTree = "<group>";
		};
		FAA0E25925D0F09C00496667 /* ViewModel */ = {
			isa = PBXGroup;
			children = (
				FAA0E25B25D0F0D300496667 /* NewsModel.swift */,
			);
			path = ViewModel;
			sourceTree = "<group>";
		};
		FAA0E25A25D0F0A700496667 /* View */ = {
			isa = PBXGroup;
			children = (
				FAA0E23925D0E5B600496667 /* ContentView.swift */,
			);
			path = View;
			sourceTree = "<group>";
		};
/* End PBXGroup section */

/* Begin PBXNativeTarget section */
		FAA0E23125D0E5B600496667 /* LoadImage JSON */ = {
			isa = PBXNativeTarget;
			buildConfigurationList = FAA0E24625D0E5B800496667 /* Build configuration list for PBXNativeTarget "LoadImage JSON" */;
			buildPhases = (
				FAA0E22E25D0E5B600496667 /* Sources */,
				FAA0E22F25D0E5B600496667 /* Frameworks */,
				FAA0E23025D0E5B600496667 /* Resources */,
			);
			buildRules = (
			);
			dependencies = (
			);
			name = "LoadImage JSON";
			packageProductDependencies = (
				FAA0E24B25D0E80400496667 /* SDWebImageSwiftUI */,
				FAA0E24F25D0E83200496667 /* SwiftyJSON */,
			);
			productName = "LoadImage JSON";
			productReference = FAA0E23225D0E5B600496667 /* LoadImage JSON.app */;
			productType = "com.apple.product-type.application";
		};
/* End PBXNativeTarget section */

/* Begin PBXProject section */
		FAA0E22A25D0E5B600496667 /* Project object */ = {
			isa = PBXProject;
			attributes = {
				LastSwiftUpdateCheck = 1230;
				LastUpgradeCheck = 1230;
				TargetAttributes = {
					FAA0E23125D0E5B600496667 = {
						CreatedOnToolsVersion = 12.3;
					};
				};
			};
			buildConfigurationList = FAA0E22D25D0E5B600496667 /* Build configuration list for PBXProject "LoadImage JSON" */;
			compatibilityVersion = "Xcode 9.3";
			developmentRegion = en;
			hasScannedForEncodings = 0;
			knownRegions = (
				en,
				Base,
			);
			mainGroup = FAA0E22925D0E5B600496667;
			packageReferences = (
				FAA0E24A25D0E80400496667 /* XCRemoteSwiftPackageReference "SDWebImageSwiftUI" */,
				FAA0E24E25D0E83200496667 /* XCRemoteSwiftPackageReference "SwiftyJSON" */,
			);
			productRefGroup = FAA0E23325D0E5B600496667 /* Products */;
			projectDirPath = "";
			projectRoot = "";
			targets = (
				FAA0E23125D0E5B600496667 /* LoadImage JSON */,
			);
		};
/* End PBXProject section */

/* Begin PBXResourcesBuildPhase section */
		FAA0E23025D0E5B600496667 /* Resources */ = {
			isa = PBXResourcesBuildPhase;
			buildActionMask = 2147483647;
			files = (
				FAA0E24225D0E5B800496667 /* LaunchScreen.storyboard in Resources */,
				FAA0E23F25D0E5B800496667 /* Preview Assets.xcassets in Resources */,
				FAA0E23C25D0E5B800496667 /* Assets.xcassets in Resources */,
			);
			runOnlyForDeploymentPostprocessing = 0;
		};
/* End PBXResourcesBuildPhase section */

/* Begin PBXSourcesBuildPhase section */
		FAA0E22E25D0E5B600496667 /* Sources */ = {
			isa = PBXSourcesBuildPhase;
			buildActionMask = 2147483647;
			files = (
				FAA0E25C25D0F0D300496667 /* NewsModel.swift in Sources */,
				FAA0E23625D0E5B600496667 /* AppDelegate.swift in Sources */,
				FAA0E23825D0E5B600496667 /* SceneDelegate.swift in Sources */,
				FAA0E26025D0F0F300496667 /* News.swift in Sources */,
				FAA0E23A25D0E5B600496667 /* ContentView.swift in Sources */,
			);
			runOnlyForDeploymentPostprocessing = 0;
		};
/* End PBXSourcesBuildPhase section */

/* Begin PBXVariantGroup section */
		FAA0E24025D0E5B800496667 /* LaunchScreen.storyboard */ = {
			isa = PBXVariantGroup;
			children = (
				FAA0E24125D0E5B800496667 /* Base */,
			);
			name = LaunchScreen.storyboard;
			sourceTree = "<group>";
		};
/* End PBXVariantGroup section */

/* Begin XCBuildConfiguration section */
		FAA0E24425D0E5B800496667 /* Debug */ = {
			isa = XCBuildConfiguration;
			buildSettings = {
				ALWAYS_SEARCH_USER_PATHS = NO;
				CLANG_ANALYZER_NONNULL = YES;
				CLANG_ANALYZER_NUMBER_OBJECT_CONVERSION = YES_AGGRESSIVE;
				CLANG_CXX_LANGUAGE_STANDARD = "gnu++14";
				CLANG_CXX_LIBRARY = "libc++";
				CLANG_ENABLE_MODULES = YES;
				CLANG_ENABLE_OBJC_ARC = YES;
				CLANG_ENABLE_OBJC_WEAK = YES;
				CLANG_WARN_BLOCK_CAPTURE_AUTORELEASING = YES;
				CLANG_WARN_BOOL_CONVERSION = YES;
				CLANG_WARN_COMMA = YES;
				CLANG_WARN_CONSTANT_CONVERSION = YES;
				CLANG_WARN_DEPRECATED_OBJC_IMPLEMENTATIONS = YES;
				CLANG_WARN_DIRECT_OBJC_ISA_USAGE = YES_ERROR;
				CLANG_WARN_DOCUMENTATION_COMMENTS = YES;
				CLANG_WARN_EMPTY_BODY = YES;
				CLANG_WARN_ENUM_CONVERSION = YES;
				CLANG_WARN_INFINITE_RECURSION = YES;
				CLANG_WARN_INT_CONVERSION = YES;
				CLANG_WARN_NON_LITERAL_NULL_CONVERSION = YES;
				CLANG_WARN_OBJC_IMPLICIT_RETAIN_SELF = YES;
				CLANG_WARN_OBJC_LITERAL_CONVERSION = YES;
				CLANG_WARN_OBJC_ROOT_CLASS = YES_ERROR;
				CLANG_WARN_QUOTED_INCLUDE_IN_FRAMEWORK_HEADER = YES;
				CLANG_WARN_RANGE_LOOP_ANALYSIS = YES;
				CLANG_WARN_STRICT_PROTOTYPES = YES;
				CLANG_WARN_SUSPICIOUS_MOVE = YES;
				CLANG_WARN_UNGUARDED_AVAILABILITY = YES_AGGRESSIVE;
				CLANG_WARN_UNREACHABLE_CODE = YES;
				CLANG_WARN__DUPLICATE_METHOD_MATCH = YES;
				COPY_PHASE_STRIP = NO;
				DEBUG_INFORMATION_FORMAT = dwarf;
				ENABLE_STRICT_OBJC_MSGSEND = YES;
				ENABLE_TESTABILITY = YES;
				GCC_C_LANGUAGE_STANDARD = gnu11;
				GCC_DYNAMIC_NO_PIC = NO;
				GCC_NO_COMMON_BLOCKS = YES;
				GCC_OPTIMIZATION_LEVEL = 0;
				GCC_PREPROCESSOR_DEFINITIONS = (
					"DEBUG=1",
					"$(inherited)",
				);
				GCC_WARN_64_TO_32_BIT_CONVERSION = YES;
				GCC_WARN_ABOUT_RETURN_TYPE = YES_ERROR;
				GCC_WARN_UNDECLARED_SELECTOR = YES;
				GCC_WARN_UNINITIALIZED_AUTOS = YES_AGGRESSIVE;
				GCC_WARN_UNUSED_FUNCTION = YES;
				GCC_WARN_UNUSED_VARIABLE = YES;
				IPHONEOS_DEPLOYMENT_TARGET = 14.3;
				MTL_ENABLE_DEBUG_INFO = INCLUDE_SOURCE;
				MTL_FAST_MATH = YES;
				ONLY_ACTIVE_ARCH = YES;
				SDKROOT = iphoneos;
				SWIFT_ACTIVE_COMPILATION_CONDITIONS = DEBUG;
				SWIFT_OPTIMIZATION_LEVEL = "-Onone";
			};
			name = Debug;
		};
		FAA0E24525D0E5B800496667 /* Release */ = {
			isa = XCBuildConfiguration;
			buildSettings = {
				ALWAYS_SEARCH_USER_PATHS = NO;
				CLANG_ANALYZER_NONNULL = YES;
				CLANG_ANALYZER_NUMBER_OBJECT_CONVERSION = YES_AGGRESSIVE;
				CLANG_CXX_LANGUAGE_STANDARD = "gnu++14";
				CLANG_CXX_LIBRARY = "libc++";
				CLANG_ENABLE_MODULES = YES;
				CLANG_ENABLE_OBJC_ARC = YES;
				CLANG_ENABLE_OBJC_WEAK = YES;
				CLANG_WARN_BLOCK_CAPTURE_AUTORELEASING = YES;
				CLANG_WARN_BOOL_CONVERSION = YES;
				CLANG_WARN_COMMA = YES;
				CLANG_WARN_CONSTANT_CONVERSION = YES;
				CLANG_WARN_DEPRECATED_OBJC_IMPLEMENTATIONS = YES;
				CLANG_WARN_DIRECT_OBJC_ISA_USAGE = YES_ERROR;
				CLANG_WARN_DOCUMENTATION_COMMENTS = YES;
				CLANG_WARN_EMPTY_BODY = YES;
				CLANG_WARN_ENUM_CONVERSION = YES;
				CLANG_WARN_INFINITE_RECURSION = YES;
				CLANG_WARN_INT_CONVERSION = YES;
				CLANG_WARN_NON_LITERAL_NULL_CONVERSION = YES;
				CLANG_WARN_OBJC_IMPLICIT_RETAIN_SELF = YES;
				CLANG_WARN_OBJC_LITERAL_CONVERSION = YES;
				CLANG_WARN_OBJC_ROOT_CLASS = YES_ERROR;
				CLANG_WARN_QUOTED_INCLUDE_IN_FRAMEWORK_HEADER = YES;
				CLANG_WARN_RANGE_LOOP_ANALYSIS = YES;
				CLANG_WARN_STRICT_PROTOTYPES = YES;
				CLANG_WARN_SUSPICIOUS_MOVE = YES;
				CLANG_WARN_UNGUARDED_AVAILABILITY = YES_AGGRESSIVE;
				CLANG_WARN_UNREACHABLE_CODE = YES;
				CLANG_WARN__DUPLICATE_METHOD_MATCH = YES;
				COPY_PHASE_STRIP = NO;
				DEBUG_INFORMATION_FORMAT = "dwarf-with-dsym";
				ENABLE_NS_ASSERTIONS = NO;
				ENABLE_STRICT_OBJC_MSGSEND = YES;
				GCC_C_LANGUAGE_STANDARD = gnu11;
				GCC_NO_COMMON_BLOCKS = YES;
				GCC_WARN_64_TO_32_BIT_CONVERSION = YES;
				GCC_WARN_ABOUT_RETURN_TYPE = YES_ERROR;
				GCC_WARN_UNDECLARED_SELECTOR = YES;
				GCC_WARN_UNINITIALIZED_AUTOS = YES_AGGRESSIVE;
				GCC_WARN_UNUSED_FUNCTION = YES;
				GCC_WARN_UNUSED_VARIABLE = YES;
				IPHONEOS_DEPLOYMENT_TARGET = 14.3;
				MTL_ENABLE_DEBUG_INFO = NO;
				MTL_FAST_MATH = YES;
				SDKROOT = iphoneos;
				SWIFT_COMPILATION_MODE = wholemodule;
				SWIFT_OPTIMIZATION_LEVEL = "-O";
				VALIDATE_PRODUCT = YES;
			};
			name = Release;
		};
		FAA0E24725D0E5B800496667 /* Debug */ = {
			isa = XCBuildConfiguration;
			buildSettings = {
				ASSETCATALOG_COMPILER_APPICON_NAME = AppIcon;
				ASSETCATALOG_COMPILER_GLOBAL_ACCENT_COLOR_NAME = AccentColor;
				CODE_SIGN_STYLE = Automatic;
				DEVELOPMENT_ASSET_PATHS = "\"LoadImage JSON/Preview Content\"";
				ENABLE_PREVIEWS = YES;
				INFOPLIST_FILE = "LoadImage JSON/Info.plist";
				LD_RUNPATH_SEARCH_PATHS = (
					"$(inherited)",
					"@executable_path/Frameworks",
				);
				PRODUCT_BUNDLE_IDENTIFIER = "IDN.LoadImage-JSON";
				PRODUCT_NAME = "$(TARGET_NAME)";
				SWIFT_VERSION = 5.0;
				TARGETED_DEVICE_FAMILY = "1,2";
			};
			name = Debug;
		};
		FAA0E24825D0E5B800496667 /* Release */ = {
			isa = XCBuildConfiguration;
			buildSettings = {
				ASSETCATALOG_COMPILER_APPICON_NAME = AppIcon;
				ASSETCATALOG_COMPILER_GLOBAL_ACCENT_COLOR_NAME = AccentColor;
				CODE_SIGN_STYLE = Automatic;
				DEVELOPMENT_ASSET_PATHS = "\"LoadImage JSON/Preview Content\"";
				ENABLE_PREVIEWS = YES;
				INFOPLIST_FILE = "LoadImage JSON/Info.plist";
				LD_RUNPATH_SEARCH_PATHS = (
					"$(inherited)",
					"@executable_path/Frameworks",
				);
				PRODUCT_BUNDLE_IDENTIFIER = "IDN.LoadImage-JSON";
				PRODUCT_NAME = "$(TARGET_NAME)";
				SWIFT_VERSION = 5.0;
				TARGETED_DEVICE_FAMILY = "1,2";
			};
			name = Release;
		};
/* End XCBuildConfiguration section */

/* Begin XCConfigurationList section */
		FAA0E22D25D0E5B600496667 /* Build configuration list for PBXProject "LoadImage JSON" */ = {
			isa = XCConfigurationList;
			buildConfigurations = (
				FAA0E24425D0E5B800496667 /* Debug */,
				FAA0E24525D0E5B800496667 /* Release */,
			);
			defaultConfigurationIsVisible = 0;
			defaultConfigurationName = Release;
		};
		FAA0E24625D0E5B800496667 /* Build configuration list for PBXNativeTarget "LoadImage JSON" */ = {
			isa = XCConfigurationList;
			buildConfigurations = (
				FAA0E24725D0E5B800496667 /* Debug */,
				FAA0E24825D0E5B800496667 /* Release */,
			);
			defaultConfigurationIsVisible = 0;
			defaultConfigurationName = Release;
		};
/* End XCConfigurationList section */

/* Begin XCRemoteSwiftPackageReference section */
		FAA0E24A25D0E80400496667 /* XCRemoteSwiftPackageReference "SDWebImageSwiftUI" */ = {
			isa = XCRemoteSwiftPackageReference;
			repositoryURL = "https://github.com/SDWebImage/SDWebImageSwiftUI";
			requirement = {
				kind = upToNextMajorVersion;
				minimumVersion = 1.5.0;
			};
		};
		FAA0E24E25D0E83200496667 /* XCRemoteSwiftPackageReference "SwiftyJSON" */ = {
			isa = XCRemoteSwiftPackageReference;
			repositoryURL = "https://github.com/SwiftyJSON/SwiftyJSON";
			requirement = {
				kind = upToNextMajorVersion;
				minimumVersion = 5.0.0;
			};
		};
/* End XCRemoteSwiftPackageReference section */

/* Begin XCSwiftPackageProductDependency section */
		FAA0E24B25D0E80400496667 /* SDWebImageSwiftUI */ = {
			isa = XCSwiftPackageProductDependency;
			package = FAA0E24A25D0E80400496667 /* XCRemoteSwiftPackageReference "SDWebImageSwiftUI" */;
			productName = SDWebImageSwiftUI;
		};
		FAA0E24F25D0E83200496667 /* SwiftyJSON */ = {
			isa = XCSwiftPackageProductDependency;
			package = FAA0E24E25D0E83200496667 /* XCRemoteSwiftPackageReference "SwiftyJSON" */;
			productName = SwiftyJSON;
		};
/* End XCSwiftPackageProductDependency section */
	};
	rootObject = FAA0E22A25D0E5B600496667 /* Project object */;
}
